
Microsoft Visual Studio Solution File, Format Version 12.00
# Visual Studio Version 17
VisualStudioVersion = 17.8.34330.188
MinimumVisualStudioVersion = 10.0.40219.1
Project("{FAE04EC0-301F-11D3-BF4B-00C04F79EFBC}") = "MobileAPI", "MobileAPI\MobileAPI.csproj", "{825AC2BA-5238-431C-9B6D-514256C51961}"
EndProject
Project("{FAE04EC0-301F-11D3-BF4B-00C04F79EFBC}") = "Application", "Application\Application.csproj", "{44CA0F0B-8A74-4A75-8CB0-C9B24C36168D}"
EndProject
Project("{FAE04EC0-301F-11D3-BF4B-00C04F79EFBC}") = "Infrastructure", "Infrastructure\Infrastructure.csproj", "{FF0F7C98-F3B7-4EAB-AA45-D838A3C06162}"
EndProject
Project("{FAE04EC0-301F-11D3-BF4B-00C04F79EFBC}") = "Domain", "Domain\Domain.csproj", "{B6042E65-E383-497F-8346-589A201B246F}"
EndProject
Global
	GlobalSection(SolutionConfigurationPlatforms) = preSolution
		Debug|Any CPU = Debug|Any CPU
		Release|Any CPU = Release|Any CPU
	EndGlobalSection
	GlobalSection(ProjectConfigurationPlatforms) = postSolution
		{825AC2BA-5238-431C-9B6D-514256C51961}.Debug|Any CPU.ActiveCfg = Debug|Any CPU
		{825AC2BA-5238-431C-9B6D-514256C51961}.Debug|Any CPU.Build.0 = Debug|Any CPU
		{825AC2BA-5238-431C-9B6D-514256C51961}.Release|Any CPU.ActiveCfg = Release|Any CPU
		{825AC2BA-5238-431C-9B6D-514256C51961}.Release|Any CPU.Build.0 = Release|Any CPU
		{44CA0F0B-8A74-4A75-8CB0-C9B24C36168D}.Debug|Any CPU.ActiveCfg = Debug|Any CPU
		{44CA0F0B-8A74-4A75-8CB0-C9B24C36168D}.Debug|Any CPU.Build.0 = Debug|Any CPU
		{44CA0F0B-8A74-4A75-8CB0-C9B24C36168D}.Release|Any CPU.ActiveCfg = Release|Any CPU
		{44CA0F0B-8A74-4A75-8CB0-C9B24C36168D}.Release|Any CPU.Build.0 = Release|Any CPU
		{FF0F7C98-F3B7-4EAB-AA45-D838A3C06162}.Debug|Any CPU.ActiveCfg = Debug|Any CPU
		{FF0F7C98-F3B7-4EAB-AA45-D838A3C06162}.Debug|Any CPU.Build.0 = Debug|Any CPU
		{FF0F7C98-F3B7-4EAB-AA45-D838A3C06162}.Release|Any CPU.ActiveCfg = Release|Any CPU
		{FF0F7C98-F3B7-4EAB-AA45-D838A3C06162}.Release|Any CPU.Build.0 = Release|Any CPU
		{B6042E65-E383-497F-8346-589A201B246F}.Debug|Any CPU.ActiveCfg = Debug|Any CPU
		{B6042E65-E383-497F-8346-589A201B246F}.Debug|Any CPU.Build.0 = Debug|Any CPU
		{B6042E65-E383-497F-8346-589A201B246F}.Release|Any CPU.ActiveCfg = Release|Any CPU
		{B6042E65-E383-497F-8346-589A201B246F}.Release|Any CPU.Build.0 = Release|Any CPU
	EndGlobalSection
	GlobalSection(SolutionProperties) = preSolution
		HideSolutionNode = FALSE
	EndGlobalSection
	GlobalSection(ExtensibilityGlobals) = postSolution
		SolutionGuid = {48600D98-6D5D-4A0E-BE6C-2ED26045F884}
	EndGlobalSection
EndGlobal
